
Microsoft Visual Studio Solution File, Format Version 12.00
# Visual Studio Version 16
VisualStudioVersion = 16.0.32228.343
MinimumVisualStudioVersion = 10.0.40219.1
Project("{FAE04EC0-301F-11D3-BF4B-00C04F79EFBC}") = "TuningCenterONG", "TuningCenterONG\TuningCenterONG.csproj", "{6EDC5431-E844-4B0F-AB90-362221003FBE}"
EndProject
Global
	GlobalSection(SolutionConfigurationPlatforms) = preSolution
		Debug|Any CPU = Debug|Any CPU
		Release|Any CPU = Release|Any CPU
	EndGlobalSection
	GlobalSection(ProjectConfigurationPlatforms) = postSolution
		{6EDC5431-E844-4B0F-AB90-362221003FBE}.Debug|Any CPU.ActiveCfg = Debug|Any CPU
		{6EDC5431-E844-4B0F-AB90-362221003FBE}.Debug|Any CPU.Build.0 = Debug|Any CPU
		{6EDC5431-E844-4B0F-AB90-362221003FBE}.Release|Any CPU.ActiveCfg = Release|Any CPU
		{6EDC5431-E844-4B0F-AB90-362221003FBE}.Release|Any CPU.Build.0 = Release|Any CPU
	EndGlobalSection
	GlobalSection(SolutionProperties) = preSolution
		HideSolutionNode = FALSE
	EndGlobalSection
	GlobalSection(ExtensibilityGlobals) = postSolution
		SolutionGuid = {8B64313D-D3A8-4DBD-8200-B4CB9ABB2C00}
	EndGlobalSection
EndGlobal
